
Microsoft Visual Studio Solution File, Format Version 12.00
# Visual Studio Version 16
VisualStudioVersion = 16.0.30517.126
MinimumVisualStudioVersion = 10.0.40219.1
Project("{FAE04EC0-301F-11D3-BF4B-00C04F79EFBC}") = "Lab4_BD", "Lab4_BD\Lab4_BD.csproj", "{25C3822B-647D-409D-9C5B-D630D056F699}"
EndProject
Project("{FAE04EC0-301F-11D3-BF4B-00C04F79EFBC}") = "WindowsFormsApp1", "WindowsFormsApp1\WindowsFormsApp1.csproj", "{7D029556-F9A7-4A51-AD66-9E1B13121B69}"
EndProject
Global
	GlobalSection(SolutionConfigurationPlatforms) = preSolution
		Debug|Any CPU = Debug|Any CPU
		Release|Any CPU = Release|Any CPU
	EndGlobalSection
	GlobalSection(ProjectConfigurationPlatforms) = postSolution
		{25C3822B-647D-409D-9C5B-D630D056F699}.Debug|Any CPU.ActiveCfg = Debug|Any CPU
		{25C3822B-647D-409D-9C5B-D630D056F699}.Debug|Any CPU.Build.0 = Debug|Any CPU
		{25C3822B-647D-409D-9C5B-D630D056F699}.Release|Any CPU.ActiveCfg = Release|Any CPU
		{25C3822B-647D-409D-9C5B-D630D056F699}.Release|Any CPU.Build.0 = Release|Any CPU
		{7D029556-F9A7-4A51-AD66-9E1B13121B69}.Debug|Any CPU.ActiveCfg = Debug|Any CPU
		{7D029556-F9A7-4A51-AD66-9E1B13121B69}.Debug|Any CPU.Build.0 = Debug|Any CPU
		{7D029556-F9A7-4A51-AD66-9E1B13121B69}.Release|Any CPU.ActiveCfg = Release|Any CPU
		{7D029556-F9A7-4A51-AD66-9E1B13121B69}.Release|Any CPU.Build.0 = Release|Any CPU
	EndGlobalSection
	GlobalSection(SolutionProperties) = preSolution
		HideSolutionNode = FALSE
	EndGlobalSection
	GlobalSection(ExtensibilityGlobals) = postSolution
		SolutionGuid = {EB883C2A-BCCB-4D94-9F72-0F61DBDE6E36}
	EndGlobalSection
EndGlobal
